
Microsoft Visual Studio Solution File, Format Version 12.00
# Visual Studio Version 17
VisualStudioVersion = 17.11.35312.102
MinimumVisualStudioVersion = 10.0.40219.1
Project("{FAE04EC0-301F-11D3-BF4B-00C04F79EFBC}") = "LibraryManager", "LibraryManager\LibraryManager.csproj", "{18E7EE40-1C0E-4AC2-9DDF-0316FAA599C3}"
EndProject
Global
	GlobalSection(SolutionConfigurationPlatforms) = preSolution
		Debug|Any CPU = Debug|Any CPU
		Release|Any CPU = Release|Any CPU
	EndGlobalSection
	GlobalSection(ProjectConfigurationPlatforms) = postSolution
		{18E7EE40-1C0E-4AC2-9DDF-0316FAA599C3}.Debug|Any CPU.ActiveCfg = Debug|Any CPU
		{18E7EE40-1C0E-4AC2-9DDF-0316FAA599C3}.Debug|Any CPU.Build.0 = Debug|Any CPU
		{18E7EE40-1C0E-4AC2-9DDF-0316FAA599C3}.Release|Any CPU.ActiveCfg = Release|Any CPU
		{18E7EE40-1C0E-4AC2-9DDF-0316FAA599C3}.Release|Any CPU.Build.0 = Release|Any CPU
	EndGlobalSection
	GlobalSection(SolutionProperties) = preSolution
		HideSolutionNode = FALSE
	EndGlobalSection
	GlobalSection(ExtensibilityGlobals) = postSolution
		SolutionGuid = {09671646-DD38-478C-8B6A-F7FC93036185}
	EndGlobalSection
EndGlobal
